
Microsoft Visual Studio Solution File, Format Version 12.00
# Visual Studio Version 17
VisualStudioVersion = 17.6.33815.320
MinimumVisualStudioVersion = 10.0.40219.1
Project("{8BC9CEB8-8B4A-11D0-8D11-00A0C91BC942}") = "References_Values_Pointers", "References_Values_Pointers.vcxproj", "{BA9908B1-EB0A-4E95-B57B-E7F9DE1DB361}"
EndProject
Global
	GlobalSection(SolutionConfigurationPlatforms) = preSolution
		Debug|x64 = Debug|x64
		Debug|x86 = Debug|x86
		Release|x64 = Release|x64
		Release|x86 = Release|x86
	EndGlobalSection
	GlobalSection(ProjectConfigurationPlatforms) = postSolution
		{BA9908B1-EB0A-4E95-B57B-E7F9DE1DB361}.Debug|x64.ActiveCfg = Debug|x64
		{BA9908B1-EB0A-4E95-B57B-E7F9DE1DB361}.Debug|x64.Build.0 = Debug|x64
		{BA9908B1-EB0A-4E95-B57B-E7F9DE1DB361}.Debug|x86.ActiveCfg = Debug|Win32
		{BA9908B1-EB0A-4E95-B57B-E7F9DE1DB361}.Debug|x86.Build.0 = Debug|Win32
		{BA9908B1-EB0A-4E95-B57B-E7F9DE1DB361}.Release|x64.ActiveCfg = Release|x64
		{BA9908B1-EB0A-4E95-B57B-E7F9DE1DB361}.Release|x64.Build.0 = Release|x64
		{BA9908B1-EB0A-4E95-B57B-E7F9DE1DB361}.Release|x86.ActiveCfg = Release|Win32
		{BA9908B1-EB0A-4E95-B57B-E7F9DE1DB361}.Release|x86.Build.0 = Release|Win32
	EndGlobalSection
	GlobalSection(SolutionProperties) = preSolution
		HideSolutionNode = FALSE
	EndGlobalSection
	GlobalSection(ExtensibilityGlobals) = postSolution
		SolutionGuid = {65FD491B-A4BA-48FD-BE4E-8CA72B68A32B}
	EndGlobalSection
EndGlobal
